
Microsoft Visual Studio Solution File, Format Version 12.00
# Visual Studio Version 17
VisualStudioVersion = 17.3.32929.385
MinimumVisualStudioVersion = 10.0.40219.1
Project("{FAE04EC0-301F-11D3-BF4B-00C04F79EFBC}") = "Modul2HomeWork3", "Modul2HomeWork3\Modul2HomeWork3.csproj", "{BE887B91-D385-4A11-9362-6C24619B5DAD}"
EndProject
Global
	GlobalSection(SolutionConfigurationPlatforms) = preSolution
		Debug|Any CPU = Debug|Any CPU
		Release|Any CPU = Release|Any CPU
	EndGlobalSection
	GlobalSection(ProjectConfigurationPlatforms) = postSolution
		{BE887B91-D385-4A11-9362-6C24619B5DAD}.Debug|Any CPU.ActiveCfg = Debug|Any CPU
		{BE887B91-D385-4A11-9362-6C24619B5DAD}.Debug|Any CPU.Build.0 = Debug|Any CPU
		{BE887B91-D385-4A11-9362-6C24619B5DAD}.Release|Any CPU.ActiveCfg = Release|Any CPU
		{BE887B91-D385-4A11-9362-6C24619B5DAD}.Release|Any CPU.Build.0 = Release|Any CPU
	EndGlobalSection
	GlobalSection(SolutionProperties) = preSolution
		HideSolutionNode = FALSE
	EndGlobalSection
	GlobalSection(ExtensibilityGlobals) = postSolution
		SolutionGuid = {0EB4AD7E-882B-4805-8746-FE102D77966C}
	EndGlobalSection
EndGlobal
